{
  "name": "nhl-goal-bot",
  "version": "1.0.0",
  "lockfileVersion": 2,
  "requires": true,
  "packages": {
    "": {
      "name": "nhl-goal-bot",
      "version": "1.0.0",
      "license": "ISC",
      "dependencies": {
        "@skyware/bot": "^0.3.8",
        "dotenv": "^16.4.7",
        "fetch": "^1.1.0",
        "node-fetch": "^2.7.0"
      }
    },
    "node_modules/@atcute/bluesky": {
      "version": "1.0.11",
      "resolved": "https://registry.npmjs.org/@atcute/bluesky/-/bluesky-1.0.11.tgz",
      "integrity": "sha512-j4wLJIzKWh0gmQZ7s5svhEVRThlzqyfstbM0qM/H1Y+ZIQESx5HtVu+390zAWzZoEKZYSyTM9+ctY39OiEGDQw==",
      "peerDependencies": {
        "@atcute/client": "^1.0.0 || ^2.0.0"
      }
    },
    "node_modules/@atcute/bluesky-richtext-builder": {
      "version": "1.0.2",
      "resolved": "https://registry.npmjs.org/@atcute/bluesky-richtext-builder/-/bluesky-richtext-builder-1.0.2.tgz",
      "integrity": "sha512-sa+9B5Ygb1GcWeMpav9RVBRdFLL5snZEoFFF2RkTaNr61m/cLd5lk97QJs+t9LXUEl5cfHS3jXujywFrGXZj9w==",
      "peerDependencies": {
        "@atcute/bluesky": "^1.0.0",
        "@atcute/client": "^1.0.0 || ^2.0.0"
      }
    },
    "node_modules/@atcute/car": {
      "version": "1.1.1",
      "resolved": "https://registry.npmjs.org/@atcute/car/-/car-1.1.1.tgz",
      "integrity": "sha512-j6HY//ttIFCbOioDlEowKn2WOGeNavJenZkAP+wWIhsbRlK+V4+TpnJ38IX/VYfMpQHrKweh3W94wRCYp6L5Zg==",
      "optional": true,
      "dependencies": {
        "@atcute/cbor": "^1.0.6",
        "@atcute/cid": "^1.0.2",
        "@atcute/varint": "^1.0.1"
      }
    },
    "node_modules/@atcute/cbor": {
      "version": "1.0.7",
      "resolved": "https://registry.npmjs.org/@atcute/cbor/-/cbor-1.0.7.tgz",
      "integrity": "sha512-z3chucgCqjAN36ySvUVl1VSwtGME4CDS173eaaEfiTSpRIQ6ewKpKlkzapLUNqtLU9iBx884b9c2j6kjEyn1XA==",
      "optional": true,
      "dependencies": {
        "@atcute/cid": "^1.0.3",
        "@atcute/multibase": "^1.0.0"
      }
    },
    "node_modules/@atcute/cid": {
      "version": "1.0.3",
      "resolved": "https://registry.npmjs.org/@atcute/cid/-/cid-1.0.3.tgz",
      "integrity": "sha512-BZbs+Xt0yMci0I2dLqqYsN76ua8lkMk/HQfEIKr7g2XMBlSc0XNCXfZdbAWPwiCK/NuGaPBocYMRwApd4dF2Qg==",
      "optional": true,
      "dependencies": {
        "@atcute/multibase": "^1.0.0",
        "@atcute/varint": "^1.0.1"
      }
    },
    "node_modules/@atcute/client": {
      "version": "2.0.6",
      "resolved": "https://registry.npmjs.org/@atcute/client/-/client-2.0.6.tgz",
      "integrity": "sha512-mhdqEicGUx0s5HTFOLpz91rcLS9j/g63de0nmAqv7blhU3j+xBf4le54qr2YIXNfnReZI7EwLYLX/YIBez4LGA=="
    },
    "node_modules/@atcute/multibase": {
      "version": "1.1.1",
      "resolved": "https://registry.npmjs.org/@atcute/multibase/-/multibase-1.1.1.tgz",
      "integrity": "sha512-3HAlVjVB8HSVO2BL7H1e5lsVAtcMR+tEjgfbFqYqt3cCFY3LbIYL7f6FJpB35fYjupiPOCyRWlFL1cwAAurmzA==",
      "optional": true,
      "dependencies": {
        "@atcute/uint8array": "^1.0.1"
      }
    },
    "node_modules/@atcute/ozone": {
      "version": "1.0.8",
      "resolved": "https://registry.npmjs.org/@atcute/ozone/-/ozone-1.0.8.tgz",
      "integrity": "sha512-PdjHnxSv4ssqA6sw0BO2RC1JZbsvkOfvZDFZpNKSm3EGPbKD5v/2cIB/Acg23WROaOIBYILOUga4kGtQUOnS1A==",
      "peerDependencies": {
        "@atcute/bluesky": "^1.0.0",
        "@atcute/client": "^1.0.0 || ^2.0.0"
      }
    },
    "node_modules/@atcute/uint8array": {
      "version": "1.0.1",
      "resolved": "https://registry.npmjs.org/@atcute/uint8array/-/uint8array-1.0.1.tgz",
      "integrity": "sha512-AAnlFKyfDRgb9GNZJbhQ6OuMhbmNPirQyapb8KnmcEhxQZ3+tt+4NcwqekEegY4MpNqSTYeeTdyxq0wGZv1JHg==",
      "optional": true
    },
    "node_modules/@atcute/varint": {
      "version": "1.0.2",
      "resolved": "https://registry.npmjs.org/@atcute/varint/-/varint-1.0.2.tgz",
      "integrity": "sha512-0O31hePzzr4O3NGWHUKKOyta6CGSL+AtN8iir8grGxu9jXyI7DBARlw6PbgKA6uTAvsXdpmRmF8MX+p0TsLnNg==",
      "optional": true
    },
    "node_modules/@skyware/bot": {
      "version": "0.3.8",
      "resolved": "https://registry.npmjs.org/@skyware/bot/-/bot-0.3.8.tgz",
      "integrity": "sha512-pERh6xTuHyJ4qAcRfpFoyd/4x2zrWkUg9DVF1ohyAPJvHXuKznSr4fK86M9TzxjJGs8JCtGBbhCtN5BL+9U1nA==",
      "dependencies": {
        "@atcute/bluesky": "^1.0.7",
        "@atcute/bluesky-richtext-builder": "^1.0.1",
        "@atcute/client": "^2.0.3",
        "@atcute/ozone": "^1.0.5",
        "quick-lru": "^7.0.0",
        "rate-limit-threshold": "^0.1.5"
      },
      "optionalDependencies": {
        "@skyware/firehose": "^0.3.2",
        "@skyware/jetstream": "^0.1.9"
      }
    },
    "node_modules/@skyware/firehose": {
      "version": "0.3.2",
      "resolved": "https://registry.npmjs.org/@skyware/firehose/-/firehose-0.3.2.tgz",
      "integrity": "sha512-CmRaw3lFPEd9euFGV+K/n/TF/o0Rre87oJP5pswC8IExj/qQnWVoncIulAJbL3keUCm5mlt49jCiiqfQXVjigg==",
      "optional": true,
      "dependencies": {
        "@atcute/car": "^1.1.0",
        "@atcute/cbor": "^1.0.3",
        "ws": "^8.16.0"
      }
    },
    "node_modules/@skyware/jetstream": {
      "version": "0.1.9",
      "resolved": "https://registry.npmjs.org/@skyware/jetstream/-/jetstream-0.1.9.tgz",
      "integrity": "sha512-87NGqRSmEYmvEuVY0DKZ2ZRbL72tExtDuV+PDvywYqukSp3F/it+9wnU5Xb/Is/pf+KSbd6lWvrnE31HgxJpJg==",
      "optional": true,
      "dependencies": {
        "@atcute/bluesky": "^1.0.6",
        "partysocket": "^1.0.2"
      }
    },
    "node_modules/biskviit": {
      "version": "1.0.1",
      "resolved": "https://registry.npmjs.org/biskviit/-/biskviit-1.0.1.tgz",
      "integrity": "sha512-VGCXdHbdbpEkFgtjkeoBN8vRlbj1ZRX2/mxhE8asCCRalUx2nBzOomLJv8Aw/nRt5+ccDb+tPKidg4XxcfGW4w==",
      "dependencies": {
        "psl": "^1.1.7"
      },
      "engines": {
        "node": ">=1.0.0"
      }
    },
    "node_modules/dotenv": {
      "version": "16.4.7",
      "resolved": "https://registry.npmjs.org/dotenv/-/dotenv-16.4.7.tgz",
      "integrity": "sha512-47qPchRCykZC03FhkYAhrvwU4xDBFIj1QPqaarj6mdM/hgUzfPHcpkHJOn3mJAufFeeAxAzeGsr5X0M4k6fLZQ==",
      "engines": {
        "node": ">=12"
      },
      "funding": {
        "url": "https://dotenvx.com"
      }
    },
    "node_modules/encoding": {
      "version": "0.1.12",
      "resolved": "https://registry.npmjs.org/encoding/-/encoding-0.1.12.tgz",
      "integrity": "sha512-bl1LAgiQc4ZWr++pNYUdRe/alecaHFeHxIJ/pNciqGdKXghaTCOwKkbKp6ye7pKZGu/GcaSXFk8PBVhgs+dJdA==",
      "dependencies": {
        "iconv-lite": "~0.4.13"
      }
    },
    "node_modules/event-target-shim": {
      "version": "6.0.2",
      "resolved": "https://registry.npmjs.org/event-target-shim/-/event-target-shim-6.0.2.tgz",
      "integrity": "sha512-8q3LsZjRezbFZ2PN+uP+Q7pnHUMmAOziU2vA2OwoFaKIXxlxl38IylhSSgUorWu/rf4er67w0ikBqjBFk/pomA==",
      "optional": true,
      "engines": {
        "node": ">=10.13.0"
      },
      "funding": {
        "url": "https://github.com/sponsors/mysticatea"
      }
    },
    "node_modules/fetch": {
      "version": "1.1.0",
      "resolved": "https://registry.npmjs.org/fetch/-/fetch-1.1.0.tgz",
      "integrity": "sha512-5O8TwrGzoNblBG/jtK4NFuZwNCkZX6s5GfRNOaGtm+QGJEuNakSC/i2RW0R93KX6E0jVjNXm6O3CRN4Ql3K+yA==",
      "dependencies": {
        "biskviit": "1.0.1",
        "encoding": "0.1.12"
      }
    },
    "node_modules/iconv-lite": {
      "version": "0.4.24",
      "resolved": "https://registry.npmjs.org/iconv-lite/-/iconv-lite-0.4.24.tgz",
      "integrity": "sha512-v3MXnZAcvnywkTUEZomIActle7RXXeedOR31wwl7VlyoXO4Qi9arvSenNQWne1TcRwhCL1HwLI21bEqdpj8/rA==",
      "dependencies": {
        "safer-buffer": ">= 2.1.2 < 3"
      },
      "engines": {
        "node": ">=0.10.0"
      }
    },
    "node_modules/node-fetch": {
      "version": "2.7.0",
      "resolved": "https://registry.npmjs.org/node-fetch/-/node-fetch-2.7.0.tgz",
      "integrity": "sha512-c4FRfUm/dbcWZ7U+1Wq0AwCyFL+3nt2bEw05wfxSz+DWpWsitgmSgYmy2dQdWyKC1694ELPqMs/YzUSNozLt8A==",
      "dependencies": {
        "whatwg-url": "^5.0.0"
      },
      "engines": {
        "node": "4.x || >=6.0.0"
      },
      "peerDependencies": {
        "encoding": "^0.1.0"
      },
      "peerDependenciesMeta": {
        "encoding": {
          "optional": true
        }
      }
    },
    "node_modules/partysocket": {
      "version": "1.0.3",
      "resolved": "https://registry.npmjs.org/partysocket/-/partysocket-1.0.3.tgz",
      "integrity": "sha512-7sSojS4oCRK1Fe1h+Sa0Za5dwOf+M9VksQlynD8yqwGpLvnO4oxx9ppmOSeh6CJTMbF5gbnvUQKMK525QSBdBw==",
      "optional": true,
      "dependencies": {
        "event-target-shim": "^6.0.2"
      }
    },
    "node_modules/psl": {
      "version": "1.15.0",
      "resolved": "https://registry.npmjs.org/psl/-/psl-1.15.0.tgz",
      "integrity": "sha512-JZd3gMVBAVQkSs6HdNZo9Sdo0LNcQeMNP3CozBJb3JYC/QUYZTnKxP+f8oWRX4rHP5EurWxqAHTSwUCjlNKa1w==",
      "dependencies": {
        "punycode": "^2.3.1"
      },
      "funding": {
        "url": "https://github.com/sponsors/lupomontero"
      }
    },
    "node_modules/punycode": {
      "version": "2.3.1",
      "resolved": "https://registry.npmjs.org/punycode/-/punycode-2.3.1.tgz",
      "integrity": "sha512-vYt7UD1U9Wg6138shLtLOvdAu+8DsC/ilFtEVHcH+wydcSpNE20AfSOduf6MkRFahL5FY7X1oU7nKVZFtfq8Fg==",
      "engines": {
        "node": ">=6"
      }
    },
    "node_modules/quick-lru": {
      "version": "7.0.0",
      "resolved": "https://registry.npmjs.org/quick-lru/-/quick-lru-7.0.0.tgz",
      "integrity": "sha512-MX8gB7cVYTrYcFfAnfLlhRd0+Toyl8yX8uBx1MrX7K0jegiz9TumwOK27ldXrgDlHRdVi+MqU9Ssw6dr4BNreg==",
      "engines": {
        "node": ">=18"
      },
      "funding": {
        "url": "https://github.com/sponsors/sindresorhus"
      }
    },
    "node_modules/rate-limit-threshold": {
      "version": "0.1.5",
      "resolved": "https://registry.npmjs.org/rate-limit-threshold/-/rate-limit-threshold-0.1.5.tgz",
      "integrity": "sha512-75vpvXC/ZqQJrFDp0dVtfoXZi8kxQP2eBuxVYFvGDfnHhcgE+ZG870u4ItQhWQh54Y6nNwOaaq5g3AL9n27lTg==",
      "engines": {
        "node": "^14.13.1 || >=16.0.0"
      }
    },
    "node_modules/safer-buffer": {
      "version": "2.1.2",
      "resolved": "https://registry.npmjs.org/safer-buffer/-/safer-buffer-2.1.2.tgz",
      "integrity": "sha512-YZo3K82SD7Riyi0E1EQPojLz7kpepnSQI9IyPbHHg1XXXevb5dJI7tpyN2ADxGcQbHG7vcyRHk0cbwqcQriUtg=="
    },
    "node_modules/tr46": {
      "version": "0.0.3",
      "resolved": "https://registry.npmjs.org/tr46/-/tr46-0.0.3.tgz",
      "integrity": "sha512-N3WMsuqV66lT30CrXNbEjx4GEwlow3v6rr4mCcv6prnfwhS01rkgyFdjPNBYd9br7LpXV1+Emh01fHnq2Gdgrw=="
    },
    "node_modules/webidl-conversions": {
      "version": "3.0.1",
      "resolved": "https://registry.npmjs.org/webidl-conversions/-/webidl-conversions-3.0.1.tgz",
      "integrity": "sha512-2JAn3z8AR6rjK8Sm8orRC0h/bcl/DqL7tRPdGZ4I1CjdF+EaMLmYxBHyXuKL849eucPFhvBoxMsflfOb8kxaeQ=="
    },
    "node_modules/whatwg-url": {
      "version": "5.0.0",
      "resolved": "https://registry.npmjs.org/whatwg-url/-/whatwg-url-5.0.0.tgz",
      "integrity": "sha512-saE57nupxk6v3HY35+jzBwYa0rKSy0XR8JSxZPwgLr7ys0IBzhGviA1/TUGJLmSVqs8pb9AnvICXEuOHLprYTw==",
      "dependencies": {
        "tr46": "~0.0.3",
        "webidl-conversions": "^3.0.0"
      }
    },
    "node_modules/ws": {
      "version": "8.18.0",
      "resolved": "https://registry.npmjs.org/ws/-/ws-8.18.0.tgz",
      "integrity": "sha512-8VbfWfHLbbwu3+N6OKsOMpBdT4kXPDDB9cJk2bJ6mh9ucxdlnNvH1e+roYkKmN9Nxw2yjz7VzeO9oOz2zJ04Pw==",
      "optional": true,
      "engines": {
        "node": ">=10.0.0"
      },
      "peerDependencies": {
        "bufferutil": "^4.0.1",
        "utf-8-validate": ">=5.0.2"
      },
      "peerDependenciesMeta": {
        "bufferutil": {
          "optional": true
        },
        "utf-8-validate": {
          "optional": true
        }
      }
    }
  },
  "dependencies": {
    "@atcute/bluesky": {
      "version": "1.0.11",
      "resolved": "https://registry.npmjs.org/@atcute/bluesky/-/bluesky-1.0.11.tgz",
      "integrity": "sha512-j4wLJIzKWh0gmQZ7s5svhEVRThlzqyfstbM0qM/H1Y+ZIQESx5HtVu+390zAWzZoEKZYSyTM9+ctY39OiEGDQw==",
      "requires": {}
    },
    "@atcute/bluesky-richtext-builder": {
      "version": "1.0.2",
      "resolved": "https://registry.npmjs.org/@atcute/bluesky-richtext-builder/-/bluesky-richtext-builder-1.0.2.tgz",
      "integrity": "sha512-sa+9B5Ygb1GcWeMpav9RVBRdFLL5snZEoFFF2RkTaNr61m/cLd5lk97QJs+t9LXUEl5cfHS3jXujywFrGXZj9w==",
      "requires": {}
    },
    "@atcute/car": {
      "version": "1.1.1",
      "resolved": "https://registry.npmjs.org/@atcute/car/-/car-1.1.1.tgz",
      "integrity": "sha512-j6HY//ttIFCbOioDlEowKn2WOGeNavJenZkAP+wWIhsbRlK+V4+TpnJ38IX/VYfMpQHrKweh3W94wRCYp6L5Zg==",
      "optional": true,
      "requires": {
        "@atcute/cbor": "^1.0.6",
        "@atcute/cid": "^1.0.2",
        "@atcute/varint": "^1.0.1"
      }
    },
    "@atcute/cbor": {
      "version": "1.0.7",
      "resolved": "https://registry.npmjs.org/@atcute/cbor/-/cbor-1.0.7.tgz",
      "integrity": "sha512-z3chucgCqjAN36ySvUVl1VSwtGME4CDS173eaaEfiTSpRIQ6ewKpKlkzapLUNqtLU9iBx884b9c2j6kjEyn1XA==",
      "optional": true,
      "requires": {
        "@atcute/cid": "^1.0.3",
        "@atcute/multibase": "^1.0.0"
      }
    },
    "@atcute/cid": {
      "version": "1.0.3",
      "resolved": "https://registry.npmjs.org/@atcute/cid/-/cid-1.0.3.tgz",
      "integrity": "sha512-BZbs+Xt0yMci0I2dLqqYsN76ua8lkMk/HQfEIKr7g2XMBlSc0XNCXfZdbAWPwiCK/NuGaPBocYMRwApd4dF2Qg==",
      "optional": true,
      "requires": {
        "@atcute/multibase": "^1.0.0",
        "@atcute/varint": "^1.0.1"
      }
    },
    "@atcute/client": {
      "version": "2.0.6",
      "resolved": "https://registry.npmjs.org/@atcute/client/-/client-2.0.6.tgz",
      "integrity": "sha512-mhdqEicGUx0s5HTFOLpz91rcLS9j/g63de0nmAqv7blhU3j+xBf4le54qr2YIXNfnReZI7EwLYLX/YIBez4LGA=="
    },
    "@atcute/multibase": {
      "version": "1.1.1",
      "resolved": "https://registry.npmjs.org/@atcute/multibase/-/multibase-1.1.1.tgz",
      "integrity": "sha512-3HAlVjVB8HSVO2BL7H1e5lsVAtcMR+tEjgfbFqYqt3cCFY3LbIYL7f6FJpB35fYjupiPOCyRWlFL1cwAAurmzA==",
      "optional": true,
      "requires": {
        "@atcute/uint8array": "^1.0.1"
      }
    },
    "@atcute/ozone": {
      "version": "1.0.8",
      "resolved": "https://registry.npmjs.org/@atcute/ozone/-/ozone-1.0.8.tgz",
      "integrity": "sha512-PdjHnxSv4ssqA6sw0BO2RC1JZbsvkOfvZDFZpNKSm3EGPbKD5v/2cIB/Acg23WROaOIBYILOUga4kGtQUOnS1A==",
      "requires": {}
    },
    "@atcute/uint8array": {
      "version": "1.0.1",
      "resolved": "https://registry.npmjs.org/@atcute/uint8array/-/uint8array-1.0.1.tgz",
      "integrity": "sha512-AAnlFKyfDRgb9GNZJbhQ6OuMhbmNPirQyapb8KnmcEhxQZ3+tt+4NcwqekEegY4MpNqSTYeeTdyxq0wGZv1JHg==",
      "optional": true
    },
    "@atcute/varint": {
      "version": "1.0.2",
      "resolved": "https://registry.npmjs.org/@atcute/varint/-/varint-1.0.2.tgz",
      "integrity": "sha512-0O31hePzzr4O3NGWHUKKOyta6CGSL+AtN8iir8grGxu9jXyI7DBARlw6PbgKA6uTAvsXdpmRmF8MX+p0TsLnNg==",
      "optional": true
    },
    "@skyware/bot": {
      "version": "0.3.8",
      "resolved": "https://registry.npmjs.org/@skyware/bot/-/bot-0.3.8.tgz",
      "integrity": "sha512-pERh6xTuHyJ4qAcRfpFoyd/4x2zrWkUg9DVF1ohyAPJvHXuKznSr4fK86M9TzxjJGs8JCtGBbhCtN5BL+9U1nA==",
      "requires": {
        "@atcute/bluesky": "^1.0.7",
        "@atcute/bluesky-richtext-builder": "^1.0.1",
        "@atcute/client": "^2.0.3",
        "@atcute/ozone": "^1.0.5",
        "@skyware/firehose": "^0.3.2",
        "@skyware/jetstream": "^0.1.9",
        "quick-lru": "^7.0.0",
        "rate-limit-threshold": "^0.1.5"
      }
    },
    "@skyware/firehose": {
      "version": "0.3.2",
      "resolved": "https://registry.npmjs.org/@skyware/firehose/-/firehose-0.3.2.tgz",
      "integrity": "sha512-CmRaw3lFPEd9euFGV+K/n/TF/o0Rre87oJP5pswC8IExj/qQnWVoncIulAJbL3keUCm5mlt49jCiiqfQXVjigg==",
      "optional": true,
      "requires": {
        "@atcute/car": "^1.1.0",
        "@atcute/cbor": "^1.0.3",
        "ws": "^8.16.0"
      }
    },
    "@skyware/jetstream": {
      "version": "0.1.9",
      "resolved": "https://registry.npmjs.org/@skyware/jetstream/-/jetstream-0.1.9.tgz",
      "integrity": "sha512-87NGqRSmEYmvEuVY0DKZ2ZRbL72tExtDuV+PDvywYqukSp3F/it+9wnU5Xb/Is/pf+KSbd6lWvrnE31HgxJpJg==",
      "optional": true,
      "requires": {
        "@atcute/bluesky": "^1.0.6",
        "partysocket": "^1.0.2"
      }
    },
    "biskviit": {
      "version": "1.0.1",
      "resolved": "https://registry.npmjs.org/biskviit/-/biskviit-1.0.1.tgz",
      "integrity": "sha512-VGCXdHbdbpEkFgtjkeoBN8vRlbj1ZRX2/mxhE8asCCRalUx2nBzOomLJv8Aw/nRt5+ccDb+tPKidg4XxcfGW4w==",
      "requires": {
        "psl": "^1.1.7"
      }
    },
    "dotenv": {
      "version": "16.4.7",
      "resolved": "https://registry.npmjs.org/dotenv/-/dotenv-16.4.7.tgz",
      "integrity": "sha512-47qPchRCykZC03FhkYAhrvwU4xDBFIj1QPqaarj6mdM/hgUzfPHcpkHJOn3mJAufFeeAxAzeGsr5X0M4k6fLZQ=="
    },
    "encoding": {
      "version": "0.1.12",
      "resolved": "https://registry.npmjs.org/encoding/-/encoding-0.1.12.tgz",
      "integrity": "sha512-bl1LAgiQc4ZWr++pNYUdRe/alecaHFeHxIJ/pNciqGdKXghaTCOwKkbKp6ye7pKZGu/GcaSXFk8PBVhgs+dJdA==",
      "requires": {
        "iconv-lite": "~0.4.13"
      }
    },
    "event-target-shim": {
      "version": "6.0.2",
      "resolved": "https://registry.npmjs.org/event-target-shim/-/event-target-shim-6.0.2.tgz",
      "integrity": "sha512-8q3LsZjRezbFZ2PN+uP+Q7pnHUMmAOziU2vA2OwoFaKIXxlxl38IylhSSgUorWu/rf4er67w0ikBqjBFk/pomA==",
      "optional": true
    },
    "fetch": {
      "version": "1.1.0",
      "resolved": "https://registry.npmjs.org/fetch/-/fetch-1.1.0.tgz",
      "integrity": "sha512-5O8TwrGzoNblBG/jtK4NFuZwNCkZX6s5GfRNOaGtm+QGJEuNakSC/i2RW0R93KX6E0jVjNXm6O3CRN4Ql3K+yA==",
      "requires": {
        "biskviit": "1.0.1",
        "encoding": "0.1.12"
      }
    },
    "iconv-lite": {
      "version": "0.4.24",
      "resolved": "https://registry.npmjs.org/iconv-lite/-/iconv-lite-0.4.24.tgz",
      "integrity": "sha512-v3MXnZAcvnywkTUEZomIActle7RXXeedOR31wwl7VlyoXO4Qi9arvSenNQWne1TcRwhCL1HwLI21bEqdpj8/rA==",
      "requires": {
        "safer-buffer": ">= 2.1.2 < 3"
      }
    },
    "node-fetch": {
      "version": "2.7.0",
      "resolved": "https://registry.npmjs.org/node-fetch/-/node-fetch-2.7.0.tgz",
      "integrity": "sha512-c4FRfUm/dbcWZ7U+1Wq0AwCyFL+3nt2bEw05wfxSz+DWpWsitgmSgYmy2dQdWyKC1694ELPqMs/YzUSNozLt8A==",
      "requires": {
        "whatwg-url": "^5.0.0"
      }
    },
    "partysocket": {
      "version": "1.0.3",
      "resolved": "https://registry.npmjs.org/partysocket/-/partysocket-1.0.3.tgz",
      "integrity": "sha512-7sSojS4oCRK1Fe1h+Sa0Za5dwOf+M9VksQlynD8yqwGpLvnO4oxx9ppmOSeh6CJTMbF5gbnvUQKMK525QSBdBw==",
      "optional": true,
      "requires": {
        "event-target-shim": "^6.0.2"
      }
    },
    "psl": {
      "version": "1.15.0",
      "resolved": "https://registry.npmjs.org/psl/-/psl-1.15.0.tgz",
      "integrity": "sha512-JZd3gMVBAVQkSs6HdNZo9Sdo0LNcQeMNP3CozBJb3JYC/QUYZTnKxP+f8oWRX4rHP5EurWxqAHTSwUCjlNKa1w==",
      "requires": {
        "punycode": "^2.3.1"
      }
    },
    "punycode": {
      "version": "2.3.1",
      "resolved": "https://registry.npmjs.org/punycode/-/punycode-2.3.1.tgz",
      "integrity": "sha512-vYt7UD1U9Wg6138shLtLOvdAu+8DsC/ilFtEVHcH+wydcSpNE20AfSOduf6MkRFahL5FY7X1oU7nKVZFtfq8Fg=="
    },
    "quick-lru": {
      "version": "7.0.0",
      "resolved": "https://registry.npmjs.org/quick-lru/-/quick-lru-7.0.0.tgz",
      "integrity": "sha512-MX8gB7cVYTrYcFfAnfLlhRd0+Toyl8yX8uBx1MrX7K0jegiz9TumwOK27ldXrgDlHRdVi+MqU9Ssw6dr4BNreg=="
    },
    "rate-limit-threshold": {
      "version": "0.1.5",
      "resolved": "https://registry.npmjs.org/rate-limit-threshold/-/rate-limit-threshold-0.1.5.tgz",
      "integrity": "sha512-75vpvXC/ZqQJrFDp0dVtfoXZi8kxQP2eBuxVYFvGDfnHhcgE+ZG870u4ItQhWQh54Y6nNwOaaq5g3AL9n27lTg=="
    },
    "safer-buffer": {
      "version": "2.1.2",
      "resolved": "https://registry.npmjs.org/safer-buffer/-/safer-buffer-2.1.2.tgz",
      "integrity": "sha512-YZo3K82SD7Riyi0E1EQPojLz7kpepnSQI9IyPbHHg1XXXevb5dJI7tpyN2ADxGcQbHG7vcyRHk0cbwqcQriUtg=="
    },
    "tr46": {
      "version": "0.0.3",
      "resolved": "https://registry.npmjs.org/tr46/-/tr46-0.0.3.tgz",
      "integrity": "sha512-N3WMsuqV66lT30CrXNbEjx4GEwlow3v6rr4mCcv6prnfwhS01rkgyFdjPNBYd9br7LpXV1+Emh01fHnq2Gdgrw=="
    },
    "webidl-conversions": {
      "version": "3.0.1",
      "resolved": "https://registry.npmjs.org/webidl-conversions/-/webidl-conversions-3.0.1.tgz",
      "integrity": "sha512-2JAn3z8AR6rjK8Sm8orRC0h/bcl/DqL7tRPdGZ4I1CjdF+EaMLmYxBHyXuKL849eucPFhvBoxMsflfOb8kxaeQ=="
    },
    "whatwg-url": {
      "version": "5.0.0",
      "resolved": "https://registry.npmjs.org/whatwg-url/-/whatwg-url-5.0.0.tgz",
      "integrity": "sha512-saE57nupxk6v3HY35+jzBwYa0rKSy0XR8JSxZPwgLr7ys0IBzhGviA1/TUGJLmSVqs8pb9AnvICXEuOHLprYTw==",
      "requires": {
        "tr46": "~0.0.3",
        "webidl-conversions": "^3.0.0"
      }
    },
    "ws": {
      "version": "8.18.0",
      "resolved": "https://registry.npmjs.org/ws/-/ws-8.18.0.tgz",
      "integrity": "sha512-8VbfWfHLbbwu3+N6OKsOMpBdT4kXPDDB9cJk2bJ6mh9ucxdlnNvH1e+roYkKmN9Nxw2yjz7VzeO9oOz2zJ04Pw==",
      "optional": true,
      "requires": {}
    }
  }
}
